
Microsoft Visual Studio Solution File, Format Version 12.00
# Visual Studio Version 17
VisualStudioVersion = 17.3.32929.385
MinimumVisualStudioVersion = 10.0.40219.1
Project("{9A19103F-16F7-4668-BE54-9A1E7A4F7556}") = "Cellaut.Domain", "Cellaut.Domain\Cellaut.Domain.csproj", "{D90C97E6-104D-4E38-902E-DA8BC02A7E37}"
EndProject
Project("{9A19103F-16F7-4668-BE54-9A1E7A4F7556}") = "Cellaut.Application", "Cellaut.Application\Cellaut.Application.csproj", "{9A6E1619-1379-4D30-824A-8E36E08D677D}"
EndProject
Project("{FAE04EC0-301F-11D3-BF4B-00C04F79EFBC}") = "Cellaut.Presentation.MAUI", "Cellaut.Presentation.MAUI\Cellaut.Presentation.MAUI.csproj", "{F9699AD6-832D-46F8-9288-44868A574048}"
EndProject
Global
	GlobalSection(SolutionConfigurationPlatforms) = preSolution
		Debug|Any CPU = Debug|Any CPU
		Release|Any CPU = Release|Any CPU
	EndGlobalSection
	GlobalSection(ProjectConfigurationPlatforms) = postSolution
		{D90C97E6-104D-4E38-902E-DA8BC02A7E37}.Debug|Any CPU.ActiveCfg = Debug|Any CPU
		{D90C97E6-104D-4E38-902E-DA8BC02A7E37}.Debug|Any CPU.Build.0 = Debug|Any CPU
		{D90C97E6-104D-4E38-902E-DA8BC02A7E37}.Release|Any CPU.ActiveCfg = Release|Any CPU
		{D90C97E6-104D-4E38-902E-DA8BC02A7E37}.Release|Any CPU.Build.0 = Release|Any CPU
		{9A6E1619-1379-4D30-824A-8E36E08D677D}.Debug|Any CPU.ActiveCfg = Debug|Any CPU
		{9A6E1619-1379-4D30-824A-8E36E08D677D}.Debug|Any CPU.Build.0 = Debug|Any CPU
		{9A6E1619-1379-4D30-824A-8E36E08D677D}.Release|Any CPU.ActiveCfg = Release|Any CPU
		{9A6E1619-1379-4D30-824A-8E36E08D677D}.Release|Any CPU.Build.0 = Release|Any CPU
		{F9699AD6-832D-46F8-9288-44868A574048}.Debug|Any CPU.ActiveCfg = Debug|Any CPU
		{F9699AD6-832D-46F8-9288-44868A574048}.Debug|Any CPU.Build.0 = Debug|Any CPU
		{F9699AD6-832D-46F8-9288-44868A574048}.Debug|Any CPU.Deploy.0 = Debug|Any CPU
		{F9699AD6-832D-46F8-9288-44868A574048}.Release|Any CPU.ActiveCfg = Release|Any CPU
		{F9699AD6-832D-46F8-9288-44868A574048}.Release|Any CPU.Build.0 = Release|Any CPU
		{F9699AD6-832D-46F8-9288-44868A574048}.Release|Any CPU.Deploy.0 = Release|Any CPU
	EndGlobalSection
	GlobalSection(SolutionProperties) = preSolution
		HideSolutionNode = FALSE
	EndGlobalSection
	GlobalSection(ExtensibilityGlobals) = postSolution
		SolutionGuid = {14D074BB-A928-4D9F-B155-C636F58D25EB}
	EndGlobalSection
EndGlobal
